
Microsoft Visual Studio Solution File, Format Version 12.00
# Visual Studio Version 17
VisualStudioVersion = 17.5.002.0
MinimumVisualStudioVersion = 10.0.40219.1
Project("{9A19103F-16F7-4668-BE54-9A1E7A4F7556}") = "TinyOS.Device.Gpio", "TinyOS.Device.Gpio.csproj", "{08052141-18E8-4DC8-BEA9-9ED25164EE8F}"
EndProject
Global
	GlobalSection(SolutionConfigurationPlatforms) = preSolution
		Debug|Any CPU = Debug|Any CPU
		Release|Any CPU = Release|Any CPU
	EndGlobalSection
	GlobalSection(ProjectConfigurationPlatforms) = postSolution
		{08052141-18E8-4DC8-BEA9-9ED25164EE8F}.Debug|Any CPU.ActiveCfg = Debug|Any CPU
		{08052141-18E8-4DC8-BEA9-9ED25164EE8F}.Debug|Any CPU.Build.0 = Debug|Any CPU
		{08052141-18E8-4DC8-BEA9-9ED25164EE8F}.Release|Any CPU.ActiveCfg = Release|Any CPU
		{08052141-18E8-4DC8-BEA9-9ED25164EE8F}.Release|Any CPU.Build.0 = Release|Any CPU
	EndGlobalSection
	GlobalSection(SolutionProperties) = preSolution
		HideSolutionNode = FALSE
	EndGlobalSection
	GlobalSection(ExtensibilityGlobals) = postSolution
		SolutionGuid = {AB8A6A27-3748-4DFB-902D-F6903D8A911E}
	EndGlobalSection
EndGlobal
