
Microsoft Visual Studio Solution File, Format Version 12.00
# Visual Studio Version 17
VisualStudioVersion = 17.9.34723.18
MinimumVisualStudioVersion = 10.0.40219.1
Project("{9A19103F-16F7-4668-BE54-9A1E7A4F7556}") = "TinyOS.Device.Gpio", "TinyOS.Device.Gpio\TinyOS.Device.Gpio.csproj", "{3F3BCB68-2A77-4741-A2EF-779047A7CA01}"
EndProject
Global
	GlobalSection(SolutionConfigurationPlatforms) = preSolution
		Debug|Any CPU = Debug|Any CPU
		Release|Any CPU = Release|Any CPU
	EndGlobalSection
	GlobalSection(ProjectConfigurationPlatforms) = postSolution
		{3F3BCB68-2A77-4741-A2EF-779047A7CA01}.Debug|Any CPU.ActiveCfg = Debug|Any CPU
		{3F3BCB68-2A77-4741-A2EF-779047A7CA01}.Debug|Any CPU.Build.0 = Debug|Any CPU
		{3F3BCB68-2A77-4741-A2EF-779047A7CA01}.Release|Any CPU.ActiveCfg = Release|Any CPU
		{3F3BCB68-2A77-4741-A2EF-779047A7CA01}.Release|Any CPU.Build.0 = Release|Any CPU
	EndGlobalSection
	GlobalSection(SolutionProperties) = preSolution
		HideSolutionNode = FALSE
	EndGlobalSection
	GlobalSection(ExtensibilityGlobals) = postSolution
		SolutionGuid = {E2BB36DC-EAF8-43C1-AD64-60B817C6A67B}
	EndGlobalSection
EndGlobal
